{
    "name": "tools",
    "version": "1.0.0",
    "lockfileVersion": 2,
    "requires": true,
    "packages": {
        "": {
            "name": "tools",
            "version": "1.0.0",
            "dependencies": {
                "commander": "^8.1.0",
                "latex-utensils": "^4.1.1",
                "tslib": "^2.3.0"
            },
            "devDependencies": {
                "@types/node": "^17.0.34",
                "typescript": "^4.2.4"
            }
        },
        "node_modules/@types/node": {
            "version": "17.0.34",
            "resolved": "https://registry.npmjs.org/@types/node/-/node-17.0.34.tgz",
            "integrity": "sha512-XImEz7XwTvDBtzlTnm8YvMqGW/ErMWBsKZ+hMTvnDIjGCKxwK5Xpc+c/oQjOauwq8M4OS11hEkpjX8rrI/eEgA==",
            "dev": true
        },
        "node_modules/commander": {
            "version": "8.3.0",
            "resolved": "https://registry.npmjs.org/commander/-/commander-8.3.0.tgz",
            "integrity": "sha512-OkTL9umf+He2DZkUq8f8J9of7yL6RJKI24dVITBmNfZBmri9zYZQrKkuXiKhyfPSu8tUhnVBB1iKXevvnlR4Ww==",
            "engines": {
                "node": ">= 12"
            }
        },
        "node_modules/latex-utensils": {
            "version": "4.1.1",
            "resolved": "https://registry.npmjs.org/latex-utensils/-/latex-utensils-4.1.1.tgz",
            "integrity": "sha512-wBRsMKKYhNKJQ1gBxQw3UgcORnlV7wetmgIjywWlF3OCe5GcEKTfx3JXQow6hpGB2qIGN8fBXq81XmEamm0XGw==",
            "bin": {
                "luparse": "bin/luparse"
            },
            "optionalDependencies": {
                "commander": "^2.20.0",
                "pegjs-backtrace": "^0.2.0"
            }
        },
        "node_modules/latex-utensils/node_modules/commander": {
            "version": "2.20.3",
            "resolved": "https://registry.npmjs.org/commander/-/commander-2.20.3.tgz",
            "integrity": "sha512-GpVkmM8vF2vQUkj2LvZmD35JxeJOLCwJ9cUkugyk2nuhbv3+mJvpLYYt+0+USMxE+oj+ey/lJEnhZw75x/OMcQ==",
            "optional": true
        },
        "node_modules/pegjs-backtrace": {
            "version": "0.2.1",
            "resolved": "https://registry.npmjs.org/pegjs-backtrace/-/pegjs-backtrace-0.2.1.tgz",
            "integrity": "sha512-rnVQiHyTE1wZG14Vl3Xk33ecrF7ZJ7ZW7jSgSlw4LdzBuhbyGVQ+oVApQ6tRi4QsII/xHgByHb6Ax68K6SPLhw==",
            "optional": true
        },
        "node_modules/tslib": {
            "version": "2.4.0",
            "resolved": "https://registry.npmjs.org/tslib/-/tslib-2.4.0.tgz",
            "integrity": "sha512-d6xOpEDfsi2CZVlPQzGeux8XMwLT9hssAsaPYExaQMuYskwb+x1x7J371tWlbBdWHroy99KnVB6qIkUbs5X3UQ=="
        },
        "node_modules/typescript": {
            "version": "4.6.4",
            "resolved": "https://registry.npmjs.org/typescript/-/typescript-4.6.4.tgz",
            "integrity": "sha512-9ia/jWHIEbo49HfjrLGfKbZSuWo9iTMwXO+Ca3pRsSpbsMbc7/IU8NKdCZVRRBafVPGnoJeFL76ZOAA84I9fEg==",
            "dev": true,
            "bin": {
                "tsc": "bin/tsc",
                "tsserver": "bin/tsserver"
            },
            "engines": {
                "node": ">=4.2.0"
            }
        }
    },
    "dependencies": {
        "@types/node": {
            "version": "17.0.34",
            "resolved": "https://registry.npmjs.org/@types/node/-/node-17.0.34.tgz",
            "integrity": "sha512-XImEz7XwTvDBtzlTnm8YvMqGW/ErMWBsKZ+hMTvnDIjGCKxwK5Xpc+c/oQjOauwq8M4OS11hEkpjX8rrI/eEgA==",
            "dev": true
        },
        "commander": {
            "version": "8.3.0",
            "resolved": "https://registry.npmjs.org/commander/-/commander-8.3.0.tgz",
            "integrity": "sha512-OkTL9umf+He2DZkUq8f8J9of7yL6RJKI24dVITBmNfZBmri9zYZQrKkuXiKhyfPSu8tUhnVBB1iKXevvnlR4Ww=="
        },
        "latex-utensils": {
            "version": "4.1.1",
            "resolved": "https://registry.npmjs.org/latex-utensils/-/latex-utensils-4.1.1.tgz",
            "integrity": "sha512-wBRsMKKYhNKJQ1gBxQw3UgcORnlV7wetmgIjywWlF3OCe5GcEKTfx3JXQow6hpGB2qIGN8fBXq81XmEamm0XGw==",
            "requires": {
                "commander": "^2.20.0",
                "pegjs-backtrace": "^0.2.0"
            },
            "dependencies": {
                "commander": {
                    "version": "2.20.3",
                    "resolved": "https://registry.npmjs.org/commander/-/commander-2.20.3.tgz",
                    "integrity": "sha512-GpVkmM8vF2vQUkj2LvZmD35JxeJOLCwJ9cUkugyk2nuhbv3+mJvpLYYt+0+USMxE+oj+ey/lJEnhZw75x/OMcQ==",
                    "optional": true
                }
            }
        },
        "pegjs-backtrace": {
            "version": "0.2.1",
            "resolved": "https://registry.npmjs.org/pegjs-backtrace/-/pegjs-backtrace-0.2.1.tgz",
            "integrity": "sha512-rnVQiHyTE1wZG14Vl3Xk33ecrF7ZJ7ZW7jSgSlw4LdzBuhbyGVQ+oVApQ6tRi4QsII/xHgByHb6Ax68K6SPLhw==",
            "optional": true
        },
        "tslib": {
            "version": "2.4.0",
            "resolved": "https://registry.npmjs.org/tslib/-/tslib-2.4.0.tgz",
            "integrity": "sha512-d6xOpEDfsi2CZVlPQzGeux8XMwLT9hssAsaPYExaQMuYskwb+x1x7J371tWlbBdWHroy99KnVB6qIkUbs5X3UQ=="
        },
        "typescript": {
            "version": "4.6.4",
            "resolved": "https://registry.npmjs.org/typescript/-/typescript-4.6.4.tgz",
            "integrity": "sha512-9ia/jWHIEbo49HfjrLGfKbZSuWo9iTMwXO+Ca3pRsSpbsMbc7/IU8NKdCZVRRBafVPGnoJeFL76ZOAA84I9fEg==",
            "dev": true
        }
    }
}
