{
    "name": "tools",
    "version": "1.0.0",
    "lockfileVersion": 1,
    "requires": true,
    "dependencies": {
        "@types/diff-match-patch": {
            "version": "1.0.32",
            "resolved": "https://registry.npmjs.org/@types/diff-match-patch/-/diff-match-patch-1.0.32.tgz",
            "integrity": "sha512-bPYT5ECFiblzsVzyURaNhljBH2Gh1t9LowgUwciMrNAhFewLkHT2H0Mto07Y4/3KCOGZHRQll3CTtQZ0X11D/A==",
            "dev": true
        },
        "@types/fs-extra": {
            "version": "9.0.13",
            "resolved": "https://registry.npmjs.org/@types/fs-extra/-/fs-extra-9.0.13.tgz",
            "integrity": "sha512-nEnwB++1u5lVDM2UI4c1+5R+FYaKfaAzS4OococimjVm3nQw3TuzH5UNsocrcTBbhnerblyHj4A49qXbIiZdpA==",
            "dev": true,
            "requires": {
                "@types/node": "*"
            }
        },
        "@types/node": {
            "version": "17.0.34",
            "resolved": "https://registry.npmjs.org/@types/node/-/node-17.0.34.tgz",
            "integrity": "sha512-XImEz7XwTvDBtzlTnm8YvMqGW/ErMWBsKZ+hMTvnDIjGCKxwK5Xpc+c/oQjOauwq8M4OS11hEkpjX8rrI/eEgA==",
            "dev": true
        },
        "commander": {
            "version": "8.3.0",
            "resolved": "https://registry.npmjs.org/commander/-/commander-8.3.0.tgz",
            "integrity": "sha512-OkTL9umf+He2DZkUq8f8J9of7yL6RJKI24dVITBmNfZBmri9zYZQrKkuXiKhyfPSu8tUhnVBB1iKXevvnlR4Ww=="
        },
        "diff-match-patch": {
            "version": "1.0.5",
            "resolved": "https://registry.npmjs.org/diff-match-patch/-/diff-match-patch-1.0.5.tgz",
            "integrity": "sha512-IayShXAgj/QMXgB0IWmKx+rOPuGMhqm5w6jvFxmVenXKIzRqTAAsbBPT3kWQeGANj3jGgvcvv4yK6SxqYmikgw=="
        },
        "fs-extra": {
            "version": "10.1.0",
            "resolved": "https://registry.npmjs.org/fs-extra/-/fs-extra-10.1.0.tgz",
            "integrity": "sha512-oRXApq54ETRj4eMiFzGnHWGy+zo5raudjuxN0b8H7s/RU2oW0Wvsx9O0ACRN/kRq9E8Vu/ReskGB5o3ji+FzHQ==",
            "requires": {
                "graceful-fs": "^4.2.0",
                "jsonfile": "^6.0.1",
                "universalify": "^2.0.0"
            }
        },
        "graceful-fs": {
            "version": "4.2.10",
            "resolved": "https://registry.npmjs.org/graceful-fs/-/graceful-fs-4.2.10.tgz",
            "integrity": "sha512-9ByhssR2fPVsNZj478qUUbKfmL0+t5BDVyjShtyZZLiK7ZDAArFFfopyOTj0M05wE2tJPisA4iTnnXl2YoPvOA=="
        },
        "jsonfile": {
            "version": "6.1.0",
            "resolved": "https://registry.npmjs.org/jsonfile/-/jsonfile-6.1.0.tgz",
            "integrity": "sha512-5dgndWOriYSm5cnYaJNhalLNDKOqFwyDB/rr1E9ZsGciGvKPs8R2xYGCacuf3z6K1YKDz182fd+fY3cn3pMqXQ==",
            "requires": {
                "graceful-fs": "^4.1.6",
                "universalify": "^2.0.0"
            }
        },
        "latex-utensils": {
            "version": "4.1.1",
            "resolved": "https://registry.npmjs.org/latex-utensils/-/latex-utensils-4.1.1.tgz",
            "integrity": "sha512-wBRsMKKYhNKJQ1gBxQw3UgcORnlV7wetmgIjywWlF3OCe5GcEKTfx3JXQow6hpGB2qIGN8fBXq81XmEamm0XGw==",
            "requires": {
                "commander": "^2.20.0",
                "pegjs-backtrace": "^0.2.0"
            },
            "dependencies": {
                "commander": {
                    "version": "2.20.3",
                    "resolved": "https://registry.npmjs.org/commander/-/commander-2.20.3.tgz",
                    "integrity": "sha512-GpVkmM8vF2vQUkj2LvZmD35JxeJOLCwJ9cUkugyk2nuhbv3+mJvpLYYt+0+USMxE+oj+ey/lJEnhZw75x/OMcQ==",
                    "optional": true
                }
            }
        },
        "pegjs-backtrace": {
            "version": "0.2.1",
            "resolved": "https://registry.npmjs.org/pegjs-backtrace/-/pegjs-backtrace-0.2.1.tgz",
            "integrity": "sha512-rnVQiHyTE1wZG14Vl3Xk33ecrF7ZJ7ZW7jSgSlw4LdzBuhbyGVQ+oVApQ6tRi4QsII/xHgByHb6Ax68K6SPLhw==",
            "optional": true
        },
        "tslib": {
            "version": "2.4.0",
            "resolved": "https://registry.npmjs.org/tslib/-/tslib-2.4.0.tgz",
            "integrity": "sha512-d6xOpEDfsi2CZVlPQzGeux8XMwLT9hssAsaPYExaQMuYskwb+x1x7J371tWlbBdWHroy99KnVB6qIkUbs5X3UQ=="
        },
        "typescript": {
            "version": "4.6.4",
            "resolved": "https://registry.npmjs.org/typescript/-/typescript-4.6.4.tgz",
            "integrity": "sha512-9ia/jWHIEbo49HfjrLGfKbZSuWo9iTMwXO+Ca3pRsSpbsMbc7/IU8NKdCZVRRBafVPGnoJeFL76ZOAA84I9fEg==",
            "dev": true
        },
        "universalify": {
            "version": "2.0.0",
            "resolved": "https://registry.npmjs.org/universalify/-/universalify-2.0.0.tgz",
            "integrity": "sha512-hAZsKq7Yy11Zu1DE0OzWjw7nnLZmJZYTDZZyEFHZdUhV8FkH5MCfoU1XMaxXovpyW5nq5scPqq0ZDP9Zyl04oQ=="
        }
    }
}
